{
  "name": "amqptest",
  "version": "1.0.0",
  "lockfileVersion": 3,
  "requires": true,
  "packages": {
    "": {
      "name": "amqptest",
      "version": "1.0.0",
      "license": "MIT",
      "dependencies": {
        "@opzkit/nodeamqp": "0.8.1"
      }
    },
    "node_modules/@opzkit/nodeamqp": {
      "version": "0.8.1",
      "resolved": "https://registry.npmjs.org/@opzkit/nodeamqp/-/nodeamqp-0.8.1.tgz",
      "integrity": "sha512-H1QHaXIcnzKk0jrzg9m0XiPVt1pWdsGvQswdAQ/AeJRuV37dyQLUi6SBr7oEVmiBhF/vLVkOC5FYa/5HKpoF+Q==",
      "license": "MIT",
      "dependencies": {
        "amqplib": "1.0.3",
        "uuid": "14.0.0"
      }
    },
    "node_modules/amqplib": {
      "version": "1.0.3",
      "resolved": "https://registry.npmjs.org/amqplib/-/amqplib-1.0.3.tgz",
      "integrity": "sha512-nsrXa59tvX4HPjPPW8JJGuBb/Db0MOq3DOhGdSbIY7bTsQDMV2fmF9c3i74g/8Gt9+QWyrxfEPppOOoV9lK1uQ==",
      "license": "MIT",
      "dependencies": {
        "buffer-more-ints": "~1.0.0"
      },
      "engines": {
        "node": ">=18"
      }
    },
    "node_modules/buffer-more-ints": {
      "version": "1.0.0",
      "resolved": "https://registry.npmjs.org/buffer-more-ints/-/buffer-more-ints-1.0.0.tgz",
      "integrity": "sha512-EMetuGFz5SLsT0QTnXzINh4Ksr+oo4i+UGTXEshiGCQWnsgSs7ZhJ8fzlwQ+OzEMs0MpDAMr1hxnblp5a4vcHg==",
      "license": "MIT"
    },
    "node_modules/uuid": {
      "version": "14.0.0",
      "resolved": "https://registry.npmjs.org/uuid/-/uuid-14.0.0.tgz",
      "integrity": "sha512-Qo+uWgilfSmAhXCMav1uYFynlQO7fMFiMVZsQqZRMIXp0O7rR7qjkj+cPvBHLgBqi960QCoo/PH2/6ZtVqKvrg==",
      "funding": [
        "https://github.com/sponsors/broofa",
        "https://github.com/sponsors/ctavan"
      ],
      "license": "MIT",
      "bin": {
        "uuid": "dist-node/bin/uuid"
      }
    }
  }
}
